// !$*UTF8*$!
{
	archiveVersion = 1;
	classes = {
	};
	objectVersion = 50;
	objects = {

/* Begin PBXBuildFile section */
		3514A48725933E4400E48880 /* AppDelegate.swift in Sources */ = {isa = PBXBuildFile; fileRef = 3514A48625933E4400E48880 /* AppDelegate.swift */; };
		3514A48925933E4400E48880 /* SceneDelegate.swift in Sources */ = {isa = PBXBuildFile; fileRef = 3514A48825933E4400E48880 /* SceneDelegate.swift */; };
		3514A48B25933E4400E48880 /* ViewController.swift in Sources */ = {isa = PBXBuildFile; fileRef = 3514A48A25933E4400E48880 /* ViewController.swift */; };
		3514A48E25933E4400E48880 /* Main.storyboard in Resources */ = {isa = PBXBuildFile; fileRef = 3514A48C25933E4400E48880 /* Main.storyboard */; };
		3514A49025933E4900E48880 /* Assets.xcassets in Resources */ = {isa = PBXBuildFile; fileRef = 3514A48F25933E4900E48880 /* Assets.xcassets */; };
		3514A49325933E4900E48880 /* LaunchScreen.storyboard in Resources */ = {isa = PBXBuildFile; fileRef = 3514A49125933E4900E48880 /* LaunchScreen.storyboard */; };
		3514A49E2593424000E48880 /* MusicTableViewCell.swift in Sources */ = {isa = PBXBuildFile; fileRef = 3514A49D2593424000E48880 /* MusicTableViewCell.swift */; };
		3514A4A1259349D000E48880 /* AVFoundation.framework in Frameworks */ = {isa = PBXBuildFile; fileRef = 3514A4A0259349CF00E48880 /* AVFoundation.framework */; };
		3514A4A3259356D400E48880 /* MusicModal.swift in Sources */ = {isa = PBXBuildFile; fileRef = 3514A4A2259356D400E48880 /* MusicModal.swift */; };
		3514A4A625938FCA00E48880 /* UIView+Extensions.swift in Sources */ = {isa = PBXBuildFile; fileRef = 3514A4A525938FCA00E48880 /* UIView+Extensions.swift */; };
/* End PBXBuildFile section */

/* Begin PBXFileReference section */
		3514A48325933E4400E48880 /* Music Player.app */ = {isa = PBXFileReference; explicitFileType = wrapper.application; includeInIndex = 0; path = "Music Player.app"; sourceTree = BUILT_PRODUCTS_DIR; };
		3514A48625933E4400E48880 /* AppDelegate.swift */ = {isa = PBXFileReference; lastKnownFileType = sourcecode.swift; path = AppDelegate.swift; sourceTree = "<group>"; };
		3514A48825933E4400E48880 /* SceneDelegate.swift */ = {isa = PBXFileReference; lastKnownFileType = sourcecode.swift; path = SceneDelegate.swift; sourceTree = "<group>"; };
		3514A48A25933E4400E48880 /* ViewController.swift */ = {isa = PBXFileReference; lastKnownFileType = sourcecode.swift; path = ViewController.swift; sourceTree = "<group>"; };
		3514A48D25933E4400E48880 /* Base */ = {isa = PBXFileReference; lastKnownFileType = file.storyboard; name = Base; path = Base.lproj/Main.storyboard; sourceTree = "<group>"; };
		3514A48F25933E4900E48880 /* Assets.xcassets */ = {isa = PBXFileReference; lastKnownFileType = folder.assetcatalog; path = Assets.xcassets; sourceTree = "<group>"; };
		3514A49225933E4900E48880 /* Base */ = {isa = PBXFileReference; lastKnownFileType = file.storyboard; name = Base; path = Base.lproj/LaunchScreen.storyboard; sourceTree = "<group>"; };
		3514A49425933E4900E48880 /* Info.plist */ = {isa = PBXFileReference; lastKnownFileType = text.plist.xml; path = Info.plist; sourceTree = "<group>"; };
		3514A49D2593424000E48880 /* MusicTableViewCell.swift */ = {isa = PBXFileReference; lastKnownFileType = sourcecode.swift; path = MusicTableViewCell.swift; sourceTree = "<group>"; };
		3514A4A0259349CF00E48880 /* AVFoundation.framework */ = {isa = PBXFileReference; lastKnownFileType = wrapper.framework; name = AVFoundation.framework; path = System/Library/Frameworks/AVFoundation.framework; sourceTree = SDKROOT; };
		3514A4A2259356D400E48880 /* MusicModal.swift */ = {isa = PBXFileReference; lastKnownFileType = sourcecode.swift; path = MusicModal.swift; sourceTree = "<group>"; };
		3514A4A525938FCA00E48880 /* UIView+Extensions.swift */ = {isa = PBXFileReference; lastKnownFileType = sourcecode.swift; path = "UIView+Extensions.swift"; sourceTree = "<group>"; };
/* End PBXFileReference section */

/* Begin PBXFrameworksBuildPhase section */
		3514A48025933E4400E48880 /* Frameworks */ = {
			isa = PBXFrameworksBuildPhase;
			buildActionMask = 2147483647;
			files = (
				3514A4A1259349D000E48880 /* AVFoundation.framework in Frameworks */,
			);
			runOnlyForDeploymentPostprocessing = 0;
		};
/* End PBXFrameworksBuildPhase section */

/* Begin PBXGroup section */
		3514A47A25933E4400E48880 = {
			isa = PBXGroup;
			children = (
				3514A48525933E4400E48880 /* Music Player */,
				3514A48425933E4400E48880 /* Products */,
				3514A49F259349CF00E48880 /* Frameworks */,
			);
			sourceTree = "<group>";
		};
		3514A48425933E4400E48880 /* Products */ = {
			isa = PBXGroup;
			children = (
				3514A48325933E4400E48880 /* Music Player.app */,
			);
			name = Products;
			sourceTree = "<group>";
		};
		3514A48525933E4400E48880 /* Music Player */ = {
			isa = PBXGroup;
			children = (
				3514A4A425938FB200E48880 /* Helper */,
				3514A49C2593421D00E48880 /* Controller */,
				3514A49B2593421600E48880 /* View */,
				3514A49A2593420F00E48880 /* Modal */,
				3514A48625933E4400E48880 /* AppDelegate.swift */,
				3514A48825933E4400E48880 /* SceneDelegate.swift */,
				3514A48C25933E4400E48880 /* Main.storyboard */,
				3514A48F25933E4900E48880 /* Assets.xcassets */,
				3514A49125933E4900E48880 /* LaunchScreen.storyboard */,
				3514A49425933E4900E48880 /* Info.plist */,
			);
			path = "Music Player";
			sourceTree = "<group>";
		};
		3514A49A2593420F00E48880 /* Modal */ = {
			isa = PBXGroup;
			children = (
				3514A4A2259356D400E48880 /* MusicModal.swift */,
			);
			path = Modal;
			sourceTree = "<group>";
		};
		3514A49B2593421600E48880 /* View */ = {
			isa = PBXGroup;
			children = (
				3514A49D2593424000E48880 /* MusicTableViewCell.swift */,
			);
			path = View;
			sourceTree = "<group>";
		};
		3514A49C2593421D00E48880 /* Controller */ = {
			isa = PBXGroup;
			children = (
				3514A48A25933E4400E48880 /* ViewController.swift */,
			);
			path = Controller;
			sourceTree = "<group>";
		};
		3514A49F259349CF00E48880 /* Frameworks */ = {
			isa = PBXGroup;
			children = (
				3514A4A0259349CF00E48880 /* AVFoundation.framework */,
			);
			name = Frameworks;
			sourceTree = "<group>";
		};
		3514A4A425938FB200E48880 /* Helper */ = {
			isa = PBXGroup;
			children = (
				3514A4A525938FCA00E48880 /* UIView+Extensions.swift */,
			);
			path = Helper;
			sourceTree = "<group>";
		};
/* End PBXGroup section */

/* Begin PBXNativeTarget section */
		3514A48225933E4400E48880 /* Music Player */ = {
			isa = PBXNativeTarget;
			buildConfigurationList = 3514A49725933E4900E48880 /* Build configuration list for PBXNativeTarget "Music Player" */;
			buildPhases = (
				3514A47F25933E4400E48880 /* Sources */,
				3514A48025933E4400E48880 /* Frameworks */,
				3514A48125933E4400E48880 /* Resources */,
			);
			buildRules = (
			);
			dependencies = (
			);
			name = "Music Player";
			productName = "Music Player";
			productReference = 3514A48325933E4400E48880 /* Music Player.app */;
			productType = "com.apple.product-type.application";
		};
/* End PBXNativeTarget section */

/* Begin PBXProject section */
		3514A47B25933E4400E48880 /* Project object */ = {
			isa = PBXProject;
			attributes = {
				LastSwiftUpdateCheck = 1120;
				LastUpgradeCheck = 1120;
				ORGANIZATIONNAME = Shanu;
				TargetAttributes = {
					3514A48225933E4400E48880 = {
						CreatedOnToolsVersion = 11.2;
					};
				};
			};
			buildConfigurationList = 3514A47E25933E4400E48880 /* Build configuration list for PBXProject "Music Player" */;
			compatibilityVersion = "Xcode 9.3";
			developmentRegion = en;
			hasScannedForEncodings = 0;
			knownRegions = (
				en,
				Base,
			);
			mainGroup = 3514A47A25933E4400E48880;
			productRefGroup = 3514A48425933E4400E48880 /* Products */;
			projectDirPath = "";
			projectRoot = "";
			targets = (
				3514A48225933E4400E48880 /* Music Player */,
			);
		};
/* End PBXProject section */

/* Begin PBXResourcesBuildPhase section */
		3514A48125933E4400E48880 /* Resources */ = {
			isa = PBXResourcesBuildPhase;
			buildActionMask = 2147483647;
			files = (
				3514A49325933E4900E48880 /* LaunchScreen.storyboard in Resources */,
				3514A49025933E4900E48880 /* Assets.xcassets in Resources */,
				3514A48E25933E4400E48880 /* Main.storyboard in Resources */,
			);
			runOnlyForDeploymentPostprocessing = 0;
		};
/* End PBXResourcesBuildPhase section */

/* Begin PBXSourcesBuildPhase section */
		3514A47F25933E4400E48880 /* Sources */ = {
			isa = PBXSourcesBuildPhase;
			buildActionMask = 2147483647;
			files = (
				3514A4A625938FCA00E48880 /* UIView+Extensions.swift in Sources */,
				3514A48B25933E4400E48880 /* ViewController.swift in Sources */,
				3514A48725933E4400E48880 /* AppDelegate.swift in Sources */,
				3514A48925933E4400E48880 /* SceneDelegate.swift in Sources */,
				3514A49E2593424000E48880 /* MusicTableViewCell.swift in Sources */,
				3514A4A3259356D400E48880 /* MusicModal.swift in Sources */,
			);
			runOnlyForDeploymentPostprocessing = 0;
		};
/* End PBXSourcesBuildPhase section */

/* Begin PBXVariantGroup section */
		3514A48C25933E4400E48880 /* Main.storyboard */ = {
			isa = PBXVariantGroup;
			children = (
				3514A48D25933E4400E48880 /* Base */,
			);
			name = Main.storyboard;
			sourceTree = "<group>";
		};
		3514A49125933E4900E48880 /* LaunchScreen.storyboard */ = {
			isa = PBXVariantGroup;
			children = (
				3514A49225933E4900E48880 /* Base */,
			);
			name = LaunchScreen.storyboard;
			sourceTree = "<group>";
		};
/* End PBXVariantGroup section */

/* Begin XCBuildConfiguration section */
		3514A49525933E4900E48880 /* Debug */ = {
			isa = XCBuildConfiguration;
			buildSettings = {
				ALWAYS_SEARCH_USER_PATHS = NO;
				CLANG_ANALYZER_NONNULL = YES;
				CLANG_ANALYZER_NUMBER_OBJECT_CONVERSION = YES_AGGRESSIVE;
				CLANG_CXX_LANGUAGE_STANDARD = "gnu++14";
				CLANG_CXX_LIBRARY = "libc++";
				CLANG_ENABLE_MODULES = YES;
				CLANG_ENABLE_OBJC_ARC = YES;
				CLANG_ENABLE_OBJC_WEAK = YES;
				CLANG_WARN_BLOCK_CAPTURE_AUTORELEASING = YES;
				CLANG_WARN_BOOL_CONVERSION = YES;
				CLANG_WARN_COMMA = YES;
				CLANG_WARN_CONSTANT_CONVERSION = YES;
				CLANG_WARN_DEPRECATED_OBJC_IMPLEMENTATIONS = YES;
				CLANG_WARN_DIRECT_OBJC_ISA_USAGE = YES_ERROR;
				CLANG_WARN_DOCUMENTATION_COMMENTS = YES;
				CLANG_WARN_EMPTY_BODY = YES;
				CLANG_WARN_ENUM_CONVERSION = YES;
				CLANG_WARN_INFINITE_RECURSION = YES;
				CLANG_WARN_INT_CONVERSION = YES;
				CLANG_WARN_NON_LITERAL_NULL_CONVERSION = YES;
				CLANG_WARN_OBJC_IMPLICIT_RETAIN_SELF = YES;
				CLANG_WARN_OBJC_LITERAL_CONVERSION = YES;
				CLANG_WARN_OBJC_ROOT_CLASS = YES_ERROR;
				CLANG_WARN_RANGE_LOOP_ANALYSIS = YES;
				CLANG_WARN_STRICT_PROTOTYPES = YES;
				CLANG_WARN_SUSPICIOUS_MOVE = YES;
				CLANG_WARN_UNGUARDED_AVAILABILITY = YES_AGGRESSIVE;
				CLANG_WARN_UNREACHABLE_CODE = YES;
				CLANG_WARN__DUPLICATE_METHOD_MATCH = YES;
				COPY_PHASE_STRIP = NO;
				DEBUG_INFORMATION_FORMAT = dwarf;
				ENABLE_STRICT_OBJC_MSGSEND = YES;
				ENABLE_TESTABILITY = YES;
				GCC_C_LANGUAGE_STANDARD = gnu11;
				GCC_DYNAMIC_NO_PIC = NO;
				GCC_NO_COMMON_BLOCKS = YES;
				GCC_OPTIMIZATION_LEVEL = 0;
				GCC_PREPROCESSOR_DEFINITIONS = (
					"DEBUG=1",
					"$(inherited)",
				);
				GCC_WARN_64_TO_32_BIT_CONVERSION = YES;
				GCC_WARN_ABOUT_RETURN_TYPE = YES_ERROR;
				GCC_WARN_UNDECLARED_SELECTOR = YES;
				GCC_WARN_UNINITIALIZED_AUTOS = YES_AGGRESSIVE;
				GCC_WARN_UNUSED_FUNCTION = YES;
				GCC_WARN_UNUSED_VARIABLE = YES;
				IPHONEOS_DEPLOYMENT_TARGET = 13.2;
				MTL_ENABLE_DEBUG_INFO = INCLUDE_SOURCE;
				MTL_FAST_MATH = YES;
				ONLY_ACTIVE_ARCH = YES;
				SDKROOT = iphoneos;
				SWIFT_ACTIVE_COMPILATION_CONDITIONS = DEBUG;
				SWIFT_OPTIMIZATION_LEVEL = "-Onone";
			};
			name = Debug;
		};
		3514A49625933E4900E48880 /* Release */ = {
			isa = XCBuildConfiguration;
			buildSettings = {
				ALWAYS_SEARCH_USER_PATHS = NO;
				CLANG_ANALYZER_NONNULL = YES;
				CLANG_ANALYZER_NUMBER_OBJECT_CONVERSION = YES_AGGRESSIVE;
				CLANG_CXX_LANGUAGE_STANDARD = "gnu++14";
				CLANG_CXX_LIBRARY = "libc++";
				CLANG_ENABLE_MODULES = YES;
				CLANG_ENABLE_OBJC_ARC = YES;
				CLANG_ENABLE_OBJC_WEAK = YES;
				CLANG_WARN_BLOCK_CAPTURE_AUTORELEASING = YES;
				CLANG_WARN_BOOL_CONVERSION = YES;
				CLANG_WARN_COMMA = YES;
				CLANG_WARN_CONSTANT_CONVERSION = YES;
				CLANG_WARN_DEPRECATED_OBJC_IMPLEMENTATIONS = YES;
				CLANG_WARN_DIRECT_OBJC_ISA_USAGE = YES_ERROR;
				CLANG_WARN_DOCUMENTATION_COMMENTS = YES;
				CLANG_WARN_EMPTY_BODY = YES;
				CLANG_WARN_ENUM_CONVERSION = YES;
				CLANG_WARN_INFINITE_RECURSION = YES;
				CLANG_WARN_INT_CONVERSION = YES;
				CLANG_WARN_NON_LITERAL_NULL_CONVERSION = YES;
				CLANG_WARN_OBJC_IMPLICIT_RETAIN_SELF = YES;
				CLANG_WARN_OBJC_LITERAL_CONVERSION = YES;
				CLANG_WARN_OBJC_ROOT_CLASS = YES_ERROR;
				CLANG_WARN_RANGE_LOOP_ANALYSIS = YES;
				CLANG_WARN_STRICT_PROTOTYPES = YES;
				CLANG_WARN_SUSPICIOUS_MOVE = YES;
				CLANG_WARN_UNGUARDED_AVAILABILITY = YES_AGGRESSIVE;
				CLANG_WARN_UNREACHABLE_CODE = YES;
				CLANG_WARN__DUPLICATE_METHOD_MATCH = YES;
				COPY_PHASE_STRIP = NO;
				DEBUG_INFORMATION_FORMAT = "dwarf-with-dsym";
				ENABLE_NS_ASSERTIONS = NO;
				ENABLE_STRICT_OBJC_MSGSEND = YES;
				GCC_C_LANGUAGE_STANDARD = gnu11;
				GCC_NO_COMMON_BLOCKS = YES;
				GCC_WARN_64_TO_32_BIT_CONVERSION = YES;
				GCC_WARN_ABOUT_RETURN_TYPE = YES_ERROR;
				GCC_WARN_UNDECLARED_SELECTOR = YES;
				GCC_WARN_UNINITIALIZED_AUTOS = YES_AGGRESSIVE;
				GCC_WARN_UNUSED_FUNCTION = YES;
				GCC_WARN_UNUSED_VARIABLE = YES;
				IPHONEOS_DEPLOYMENT_TARGET = 13.2;
				MTL_ENABLE_DEBUG_INFO = NO;
				MTL_FAST_MATH = YES;
				SDKROOT = iphoneos;
				SWIFT_COMPILATION_MODE = wholemodule;
				SWIFT_OPTIMIZATION_LEVEL = "-O";
				VALIDATE_PRODUCT = YES;
			};
			name = Release;
		};
		3514A49825933E4900E48880 /* Debug */ = {
			isa = XCBuildConfiguration;
			buildSettings = {
				ASSETCATALOG_COMPILER_APPICON_NAME = AppIcon;
				CODE_SIGN_STYLE = Automatic;
				DEVELOPMENT_TEAM = W7F2HC3SWX;
				INFOPLIST_FILE = "Music Player/Info.plist";
				LD_RUNPATH_SEARCH_PATHS = (
					"$(inherited)",
					"@executable_path/Frameworks",
				);
				PRODUCT_BUNDLE_IDENTIFIER = "com.shanu.Music-Player";
				PRODUCT_NAME = "$(TARGET_NAME)";
				SWIFT_VERSION = 5.0;
				TARGETED_DEVICE_FAMILY = "1,2";
			};
			name = Debug;
		};
		3514A49925933E4900E48880 /* Release */ = {
			isa = XCBuildConfiguration;
			buildSettings = {
				ASSETCATALOG_COMPILER_APPICON_NAME = AppIcon;
				CODE_SIGN_STYLE = Automatic;
				DEVELOPMENT_TEAM = W7F2HC3SWX;
				INFOPLIST_FILE = "Music Player/Info.plist";
				LD_RUNPATH_SEARCH_PATHS = (
					"$(inherited)",
					"@executable_path/Frameworks",
				);
				PRODUCT_BUNDLE_IDENTIFIER = "com.shanu.Music-Player";
				PRODUCT_NAME = "$(TARGET_NAME)";
				SWIFT_VERSION = 5.0;
				TARGETED_DEVICE_FAMILY = "1,2";
			};
			name = Release;
		};
/* End XCBuildConfiguration section */

/* Begin XCConfigurationList section */
		3514A47E25933E4400E48880 /* Build configuration list for PBXProject "Music Player" */ = {
			isa = XCConfigurationList;
			buildConfigurations = (
				3514A49525933E4900E48880 /* Debug */,
				3514A49625933E4900E48880 /* Release */,
			);
			defaultConfigurationIsVisible = 0;
			defaultConfigurationName = Release;
		};
		3514A49725933E4900E48880 /* Build configuration list for PBXNativeTarget "Music Player" */ = {
			isa = XCConfigurationList;
			buildConfigurations = (
				3514A49825933E4900E48880 /* Debug */,
				3514A49925933E4900E48880 /* Release */,
			);
			defaultConfigurationIsVisible = 0;
			defaultConfigurationName = Release;
		};
/* End XCConfigurationList section */
	};
	rootObject = 3514A47B25933E4400E48880 /* Project object */;
}
