// !$*UTF8*$!
{
	archiveVersion = 1;
	classes = {
	};
	objectVersion = 50;
	objects = {

/* Begin PBXBuildFile section */
		3514A4B42594645900E48880 /* AppDelegate.swift in Sources */ = {isa = PBXBuildFile; fileRef = 3514A4B32594645900E48880 /* AppDelegate.swift */; };
		3514A4B62594645900E48880 /* SceneDelegate.swift in Sources */ = {isa = PBXBuildFile; fileRef = 3514A4B52594645900E48880 /* SceneDelegate.swift */; };
		3514A4B82594645900E48880 /* ViewController.swift in Sources */ = {isa = PBXBuildFile; fileRef = 3514A4B72594645900E48880 /* ViewController.swift */; };
		3514A4BB2594645900E48880 /* Main.storyboard in Resources */ = {isa = PBXBuildFile; fileRef = 3514A4B92594645900E48880 /* Main.storyboard */; };
		3514A4BD2594645D00E48880 /* Assets.xcassets in Resources */ = {isa = PBXBuildFile; fileRef = 3514A4BC2594645D00E48880 /* Assets.xcassets */; };
		3514A4C02594645D00E48880 /* LaunchScreen.storyboard in Resources */ = {isa = PBXBuildFile; fileRef = 3514A4BE2594645D00E48880 /* LaunchScreen.storyboard */; };
		3514A4CB2594670600E48880 /* RoleTableViewCell.swift in Sources */ = {isa = PBXBuildFile; fileRef = 3514A4CA2594670600E48880 /* RoleTableViewCell.swift */; };
		3514A4CD259467CA00E48880 /* NestedModal.swift in Sources */ = {isa = PBXBuildFile; fileRef = 3514A4CC259467CA00E48880 /* NestedModal.swift */; };
		35A68B732594743100F652AB /* ObjectiveCellTableViewCell.swift in Sources */ = {isa = PBXBuildFile; fileRef = 35A68B722594743100F652AB /* ObjectiveCellTableViewCell.swift */; };
		35A68B752594788A00F652AB /* ResultTableViewCell.swift in Sources */ = {isa = PBXBuildFile; fileRef = 35A68B742594788A00F652AB /* ResultTableViewCell.swift */; };
/* End PBXBuildFile section */

/* Begin PBXFileReference section */
		3514A4B02594645900E48880 /* NestedMenu.app */ = {isa = PBXFileReference; explicitFileType = wrapper.application; includeInIndex = 0; path = NestedMenu.app; sourceTree = BUILT_PRODUCTS_DIR; };
		3514A4B32594645900E48880 /* AppDelegate.swift */ = {isa = PBXFileReference; lastKnownFileType = sourcecode.swift; path = AppDelegate.swift; sourceTree = "<group>"; };
		3514A4B52594645900E48880 /* SceneDelegate.swift */ = {isa = PBXFileReference; lastKnownFileType = sourcecode.swift; path = SceneDelegate.swift; sourceTree = "<group>"; };
		3514A4B72594645900E48880 /* ViewController.swift */ = {isa = PBXFileReference; lastKnownFileType = sourcecode.swift; path = ViewController.swift; sourceTree = "<group>"; };
		3514A4BA2594645900E48880 /* Base */ = {isa = PBXFileReference; lastKnownFileType = file.storyboard; name = Base; path = Base.lproj/Main.storyboard; sourceTree = "<group>"; };
		3514A4BC2594645D00E48880 /* Assets.xcassets */ = {isa = PBXFileReference; lastKnownFileType = folder.assetcatalog; path = Assets.xcassets; sourceTree = "<group>"; };
		3514A4BF2594645D00E48880 /* Base */ = {isa = PBXFileReference; lastKnownFileType = file.storyboard; name = Base; path = Base.lproj/LaunchScreen.storyboard; sourceTree = "<group>"; };
		3514A4C12594645D00E48880 /* Info.plist */ = {isa = PBXFileReference; lastKnownFileType = text.plist.xml; path = Info.plist; sourceTree = "<group>"; };
		3514A4CA2594670600E48880 /* RoleTableViewCell.swift */ = {isa = PBXFileReference; lastKnownFileType = sourcecode.swift; path = RoleTableViewCell.swift; sourceTree = "<group>"; };
		3514A4CC259467CA00E48880 /* NestedModal.swift */ = {isa = PBXFileReference; lastKnownFileType = sourcecode.swift; path = NestedModal.swift; sourceTree = "<group>"; };
		35A68B722594743100F652AB /* ObjectiveCellTableViewCell.swift */ = {isa = PBXFileReference; lastKnownFileType = sourcecode.swift; path = ObjectiveCellTableViewCell.swift; sourceTree = "<group>"; };
		35A68B742594788A00F652AB /* ResultTableViewCell.swift */ = {isa = PBXFileReference; lastKnownFileType = sourcecode.swift; path = ResultTableViewCell.swift; sourceTree = "<group>"; };
/* End PBXFileReference section */

/* Begin PBXFrameworksBuildPhase section */
		3514A4AD2594645900E48880 /* Frameworks */ = {
			isa = PBXFrameworksBuildPhase;
			buildActionMask = 2147483647;
			files = (
			);
			runOnlyForDeploymentPostprocessing = 0;
		};
/* End PBXFrameworksBuildPhase section */

/* Begin PBXGroup section */
		3514A4A72594645900E48880 = {
			isa = PBXGroup;
			children = (
				3514A4B22594645900E48880 /* NestedMenu */,
				3514A4B12594645900E48880 /* Products */,
			);
			sourceTree = "<group>";
		};
		3514A4B12594645900E48880 /* Products */ = {
			isa = PBXGroup;
			children = (
				3514A4B02594645900E48880 /* NestedMenu.app */,
			);
			name = Products;
			sourceTree = "<group>";
		};
		3514A4B22594645900E48880 /* NestedMenu */ = {
			isa = PBXGroup;
			children = (
				3514A4C9259466E900E48880 /* Controller */,
				3514A4C8259466E200E48880 /* Views */,
				3514A4C7259466DA00E48880 /* Modal */,
				3514A4B32594645900E48880 /* AppDelegate.swift */,
				3514A4B52594645900E48880 /* SceneDelegate.swift */,
				3514A4B92594645900E48880 /* Main.storyboard */,
				3514A4BC2594645D00E48880 /* Assets.xcassets */,
				3514A4BE2594645D00E48880 /* LaunchScreen.storyboard */,
				3514A4C12594645D00E48880 /* Info.plist */,
			);
			path = NestedMenu;
			sourceTree = "<group>";
		};
		3514A4C7259466DA00E48880 /* Modal */ = {
			isa = PBXGroup;
			children = (
				3514A4CC259467CA00E48880 /* NestedModal.swift */,
			);
			path = Modal;
			sourceTree = "<group>";
		};
		3514A4C8259466E200E48880 /* Views */ = {
			isa = PBXGroup;
			children = (
				3514A4CA2594670600E48880 /* RoleTableViewCell.swift */,
				35A68B722594743100F652AB /* ObjectiveCellTableViewCell.swift */,
				35A68B742594788A00F652AB /* ResultTableViewCell.swift */,
			);
			path = Views;
			sourceTree = "<group>";
		};
		3514A4C9259466E900E48880 /* Controller */ = {
			isa = PBXGroup;
			children = (
				3514A4B72594645900E48880 /* ViewController.swift */,
			);
			path = Controller;
			sourceTree = "<group>";
		};
/* End PBXGroup section */

/* Begin PBXNativeTarget section */
		3514A4AF2594645900E48880 /* NestedMenu */ = {
			isa = PBXNativeTarget;
			buildConfigurationList = 3514A4C42594645D00E48880 /* Build configuration list for PBXNativeTarget "NestedMenu" */;
			buildPhases = (
				3514A4AC2594645900E48880 /* Sources */,
				3514A4AD2594645900E48880 /* Frameworks */,
				3514A4AE2594645900E48880 /* Resources */,
			);
			buildRules = (
			);
			dependencies = (
			);
			name = NestedMenu;
			productName = NestedMenu;
			productReference = 3514A4B02594645900E48880 /* NestedMenu.app */;
			productType = "com.apple.product-type.application";
		};
/* End PBXNativeTarget section */

/* Begin PBXProject section */
		3514A4A82594645900E48880 /* Project object */ = {
			isa = PBXProject;
			attributes = {
				LastSwiftUpdateCheck = 1120;
				LastUpgradeCheck = 1120;
				ORGANIZATIONNAME = Shanu;
				TargetAttributes = {
					3514A4AF2594645900E48880 = {
						CreatedOnToolsVersion = 11.2;
					};
				};
			};
			buildConfigurationList = 3514A4AB2594645900E48880 /* Build configuration list for PBXProject "NestedMenu" */;
			compatibilityVersion = "Xcode 9.3";
			developmentRegion = en;
			hasScannedForEncodings = 0;
			knownRegions = (
				en,
				Base,
			);
			mainGroup = 3514A4A72594645900E48880;
			productRefGroup = 3514A4B12594645900E48880 /* Products */;
			projectDirPath = "";
			projectRoot = "";
			targets = (
				3514A4AF2594645900E48880 /* NestedMenu */,
			);
		};
/* End PBXProject section */

/* Begin PBXResourcesBuildPhase section */
		3514A4AE2594645900E48880 /* Resources */ = {
			isa = PBXResourcesBuildPhase;
			buildActionMask = 2147483647;
			files = (
				3514A4C02594645D00E48880 /* LaunchScreen.storyboard in Resources */,
				3514A4BD2594645D00E48880 /* Assets.xcassets in Resources */,
				3514A4BB2594645900E48880 /* Main.storyboard in Resources */,
			);
			runOnlyForDeploymentPostprocessing = 0;
		};
/* End PBXResourcesBuildPhase section */

/* Begin PBXSourcesBuildPhase section */
		3514A4AC2594645900E48880 /* Sources */ = {
			isa = PBXSourcesBuildPhase;
			buildActionMask = 2147483647;
			files = (
				3514A4B82594645900E48880 /* ViewController.swift in Sources */,
				3514A4B42594645900E48880 /* AppDelegate.swift in Sources */,
				35A68B752594788A00F652AB /* ResultTableViewCell.swift in Sources */,
				3514A4B62594645900E48880 /* SceneDelegate.swift in Sources */,
				3514A4CD259467CA00E48880 /* NestedModal.swift in Sources */,
				35A68B732594743100F652AB /* ObjectiveCellTableViewCell.swift in Sources */,
				3514A4CB2594670600E48880 /* RoleTableViewCell.swift in Sources */,
			);
			runOnlyForDeploymentPostprocessing = 0;
		};
/* End PBXSourcesBuildPhase section */

/* Begin PBXVariantGroup section */
		3514A4B92594645900E48880 /* Main.storyboard */ = {
			isa = PBXVariantGroup;
			children = (
				3514A4BA2594645900E48880 /* Base */,
			);
			name = Main.storyboard;
			sourceTree = "<group>";
		};
		3514A4BE2594645D00E48880 /* LaunchScreen.storyboard */ = {
			isa = PBXVariantGroup;
			children = (
				3514A4BF2594645D00E48880 /* Base */,
			);
			name = LaunchScreen.storyboard;
			sourceTree = "<group>";
		};
/* End PBXVariantGroup section */

/* Begin XCBuildConfiguration section */
		3514A4C22594645D00E48880 /* Debug */ = {
			isa = XCBuildConfiguration;
			buildSettings = {
				ALWAYS_SEARCH_USER_PATHS = NO;
				CLANG_ANALYZER_NONNULL = YES;
				CLANG_ANALYZER_NUMBER_OBJECT_CONVERSION = YES_AGGRESSIVE;
				CLANG_CXX_LANGUAGE_STANDARD = "gnu++14";
				CLANG_CXX_LIBRARY = "libc++";
				CLANG_ENABLE_MODULES = YES;
				CLANG_ENABLE_OBJC_ARC = YES;
				CLANG_ENABLE_OBJC_WEAK = YES;
				CLANG_WARN_BLOCK_CAPTURE_AUTORELEASING = YES;
				CLANG_WARN_BOOL_CONVERSION = YES;
				CLANG_WARN_COMMA = YES;
				CLANG_WARN_CONSTANT_CONVERSION = YES;
				CLANG_WARN_DEPRECATED_OBJC_IMPLEMENTATIONS = YES;
				CLANG_WARN_DIRECT_OBJC_ISA_USAGE = YES_ERROR;
				CLANG_WARN_DOCUMENTATION_COMMENTS = YES;
				CLANG_WARN_EMPTY_BODY = YES;
				CLANG_WARN_ENUM_CONVERSION = YES;
				CLANG_WARN_INFINITE_RECURSION = YES;
				CLANG_WARN_INT_CONVERSION = YES;
				CLANG_WARN_NON_LITERAL_NULL_CONVERSION = YES;
				CLANG_WARN_OBJC_IMPLICIT_RETAIN_SELF = YES;
				CLANG_WARN_OBJC_LITERAL_CONVERSION = YES;
				CLANG_WARN_OBJC_ROOT_CLASS = YES_ERROR;
				CLANG_WARN_RANGE_LOOP_ANALYSIS = YES;
				CLANG_WARN_STRICT_PROTOTYPES = YES;
				CLANG_WARN_SUSPICIOUS_MOVE = YES;
				CLANG_WARN_UNGUARDED_AVAILABILITY = YES_AGGRESSIVE;
				CLANG_WARN_UNREACHABLE_CODE = YES;
				CLANG_WARN__DUPLICATE_METHOD_MATCH = YES;
				COPY_PHASE_STRIP = NO;
				DEBUG_INFORMATION_FORMAT = dwarf;
				ENABLE_STRICT_OBJC_MSGSEND = YES;
				ENABLE_TESTABILITY = YES;
				GCC_C_LANGUAGE_STANDARD = gnu11;
				GCC_DYNAMIC_NO_PIC = NO;
				GCC_NO_COMMON_BLOCKS = YES;
				GCC_OPTIMIZATION_LEVEL = 0;
				GCC_PREPROCESSOR_DEFINITIONS = (
					"DEBUG=1",
					"$(inherited)",
				);
				GCC_WARN_64_TO_32_BIT_CONVERSION = YES;
				GCC_WARN_ABOUT_RETURN_TYPE = YES_ERROR;
				GCC_WARN_UNDECLARED_SELECTOR = YES;
				GCC_WARN_UNINITIALIZED_AUTOS = YES_AGGRESSIVE;
				GCC_WARN_UNUSED_FUNCTION = YES;
				GCC_WARN_UNUSED_VARIABLE = YES;
				IPHONEOS_DEPLOYMENT_TARGET = 13.2;
				MTL_ENABLE_DEBUG_INFO = INCLUDE_SOURCE;
				MTL_FAST_MATH = YES;
				ONLY_ACTIVE_ARCH = YES;
				SDKROOT = iphoneos;
				SWIFT_ACTIVE_COMPILATION_CONDITIONS = DEBUG;
				SWIFT_OPTIMIZATION_LEVEL = "-Onone";
			};
			name = Debug;
		};
		3514A4C32594645D00E48880 /* Release */ = {
			isa = XCBuildConfiguration;
			buildSettings = {
				ALWAYS_SEARCH_USER_PATHS = NO;
				CLANG_ANALYZER_NONNULL = YES;
				CLANG_ANALYZER_NUMBER_OBJECT_CONVERSION = YES_AGGRESSIVE;
				CLANG_CXX_LANGUAGE_STANDARD = "gnu++14";
				CLANG_CXX_LIBRARY = "libc++";
				CLANG_ENABLE_MODULES = YES;
				CLANG_ENABLE_OBJC_ARC = YES;
				CLANG_ENABLE_OBJC_WEAK = YES;
				CLANG_WARN_BLOCK_CAPTURE_AUTORELEASING = YES;
				CLANG_WARN_BOOL_CONVERSION = YES;
				CLANG_WARN_COMMA = YES;
				CLANG_WARN_CONSTANT_CONVERSION = YES;
				CLANG_WARN_DEPRECATED_OBJC_IMPLEMENTATIONS = YES;
				CLANG_WARN_DIRECT_OBJC_ISA_USAGE = YES_ERROR;
				CLANG_WARN_DOCUMENTATION_COMMENTS = YES;
				CLANG_WARN_EMPTY_BODY = YES;
				CLANG_WARN_ENUM_CONVERSION = YES;
				CLANG_WARN_INFINITE_RECURSION = YES;
				CLANG_WARN_INT_CONVERSION = YES;
				CLANG_WARN_NON_LITERAL_NULL_CONVERSION = YES;
				CLANG_WARN_OBJC_IMPLICIT_RETAIN_SELF = YES;
				CLANG_WARN_OBJC_LITERAL_CONVERSION = YES;
				CLANG_WARN_OBJC_ROOT_CLASS = YES_ERROR;
				CLANG_WARN_RANGE_LOOP_ANALYSIS = YES;
				CLANG_WARN_STRICT_PROTOTYPES = YES;
				CLANG_WARN_SUSPICIOUS_MOVE = YES;
				CLANG_WARN_UNGUARDED_AVAILABILITY = YES_AGGRESSIVE;
				CLANG_WARN_UNREACHABLE_CODE = YES;
				CLANG_WARN__DUPLICATE_METHOD_MATCH = YES;
				COPY_PHASE_STRIP = NO;
				DEBUG_INFORMATION_FORMAT = "dwarf-with-dsym";
				ENABLE_NS_ASSERTIONS = NO;
				ENABLE_STRICT_OBJC_MSGSEND = YES;
				GCC_C_LANGUAGE_STANDARD = gnu11;
				GCC_NO_COMMON_BLOCKS = YES;
				GCC_WARN_64_TO_32_BIT_CONVERSION = YES;
				GCC_WARN_ABOUT_RETURN_TYPE = YES_ERROR;
				GCC_WARN_UNDECLARED_SELECTOR = YES;
				GCC_WARN_UNINITIALIZED_AUTOS = YES_AGGRESSIVE;
				GCC_WARN_UNUSED_FUNCTION = YES;
				GCC_WARN_UNUSED_VARIABLE = YES;
				IPHONEOS_DEPLOYMENT_TARGET = 13.2;
				MTL_ENABLE_DEBUG_INFO = NO;
				MTL_FAST_MATH = YES;
				SDKROOT = iphoneos;
				SWIFT_COMPILATION_MODE = wholemodule;
				SWIFT_OPTIMIZATION_LEVEL = "-O";
				VALIDATE_PRODUCT = YES;
			};
			name = Release;
		};
		3514A4C52594645D00E48880 /* Debug */ = {
			isa = XCBuildConfiguration;
			buildSettings = {
				ASSETCATALOG_COMPILER_APPICON_NAME = AppIcon;
				CODE_SIGN_STYLE = Automatic;
				DEVELOPMENT_TEAM = W7F2HC3SWX;
				INFOPLIST_FILE = NestedMenu/Info.plist;
				LD_RUNPATH_SEARCH_PATHS = (
					"$(inherited)",
					"@executable_path/Frameworks",
				);
				PRODUCT_BUNDLE_IDENTIFIER = com.shanu.NestedMenu;
				PRODUCT_NAME = "$(TARGET_NAME)";
				SWIFT_VERSION = 5.0;
				TARGETED_DEVICE_FAMILY = "1,2";
			};
			name = Debug;
		};
		3514A4C62594645D00E48880 /* Release */ = {
			isa = XCBuildConfiguration;
			buildSettings = {
				ASSETCATALOG_COMPILER_APPICON_NAME = AppIcon;
				CODE_SIGN_STYLE = Automatic;
				DEVELOPMENT_TEAM = W7F2HC3SWX;
				INFOPLIST_FILE = NestedMenu/Info.plist;
				LD_RUNPATH_SEARCH_PATHS = (
					"$(inherited)",
					"@executable_path/Frameworks",
				);
				PRODUCT_BUNDLE_IDENTIFIER = com.shanu.NestedMenu;
				PRODUCT_NAME = "$(TARGET_NAME)";
				SWIFT_VERSION = 5.0;
				TARGETED_DEVICE_FAMILY = "1,2";
			};
			name = Release;
		};
/* End XCBuildConfiguration section */

/* Begin XCConfigurationList section */
		3514A4AB2594645900E48880 /* Build configuration list for PBXProject "NestedMenu" */ = {
			isa = XCConfigurationList;
			buildConfigurations = (
				3514A4C22594645D00E48880 /* Debug */,
				3514A4C32594645D00E48880 /* Release */,
			);
			defaultConfigurationIsVisible = 0;
			defaultConfigurationName = Release;
		};
		3514A4C42594645D00E48880 /* Build configuration list for PBXNativeTarget "NestedMenu" */ = {
			isa = XCConfigurationList;
			buildConfigurations = (
				3514A4C52594645D00E48880 /* Debug */,
				3514A4C62594645D00E48880 /* Release */,
			);
			defaultConfigurationIsVisible = 0;
			defaultConfigurationName = Release;
		};
/* End XCConfigurationList section */
	};
	rootObject = 3514A4A82594645900E48880 /* Project object */;
}
